// !$*UTF8*$!
{
	archiveVersion = 1;
	classes = {
	};
	objectVersion = 50;
	objects = {

/* Begin PBXBuildFile section */
		04918F4C23A7B73A006C6CC0 /* GridView.swift in Sources */ = {isa = PBXBuildFile; fileRef = 04918F4B23A7B73A006C6CC0 /* GridView.swift */; };
		04C69D092376BF5F009C68EE /* ThirstySoftRegular.otf in Resources */ = {isa = PBXBuildFile; fileRef = 04C69D082376BF5F009C68EE /* ThirstySoftRegular.otf */; };
		04DADB232373749900DCD12F /* AppDelegate.swift in Sources */ = {isa = PBXBuildFile; fileRef = 04DADB222373749900DCD12F /* AppDelegate.swift */; };
		04DADB252373749900DCD12F /* SceneDelegate.swift in Sources */ = {isa = PBXBuildFile; fileRef = 04DADB242373749900DCD12F /* SceneDelegate.swift */; };
		04DADB272373749900DCD12F /* MainViewController.swift in Sources */ = {isa = PBXBuildFile; fileRef = 04DADB262373749900DCD12F /* MainViewController.swift */; };
		04DADB2A2373749900DCD12F /* Main.storyboard in Resources */ = {isa = PBXBuildFile; fileRef = 04DADB282373749900DCD12F /* Main.storyboard */; };
		04DADB2C2373749A00DCD12F /* Assets.xcassets in Resources */ = {isa = PBXBuildFile; fileRef = 04DADB2B2373749A00DCD12F /* Assets.xcassets */; };
		04DADB2F2373749A00DCD12F /* LaunchScreen.storyboard in Resources */ = {isa = PBXBuildFile; fileRef = 04DADB2D2373749A00DCD12F /* LaunchScreen.storyboard */; };
		AD9A581D243EFE02001A7F57 /* Delm-Medium.otf in Resources */ = {isa = PBXBuildFile; fileRef = 04C69D062376BF51009C68EE /* Delm-Medium.otf */; };
		ADBD718E2449B09800210C9D /* UIViewExtensions.swift in Sources */ = {isa = PBXBuildFile; fileRef = ADBD718D2449B09800210C9D /* UIViewExtensions.swift */; };
		ADBD71902449B0A400210C9D /* UIWindowExtensions.swift in Sources */ = {isa = PBXBuildFile; fileRef = ADBD718F2449B0A400210C9D /* UIWindowExtensions.swift */; };
/* End PBXBuildFile section */

/* Begin PBXFileReference section */
		04918F4B23A7B73A006C6CC0 /* GridView.swift */ = {isa = PBXFileReference; lastKnownFileType = sourcecode.swift; path = GridView.swift; sourceTree = "<group>"; };
		04C69D062376BF51009C68EE /* Delm-Medium.otf */ = {isa = PBXFileReference; lastKnownFileType = file; path = "Delm-Medium.otf"; sourceTree = "<group>"; };
		04C69D082376BF5F009C68EE /* ThirstySoftRegular.otf */ = {isa = PBXFileReference; lastKnownFileType = file; path = ThirstySoftRegular.otf; sourceTree = "<group>"; };
		04DADB1F2373749900DCD12F /* Instagrid.app */ = {isa = PBXFileReference; explicitFileType = wrapper.application; includeInIndex = 0; path = Instagrid.app; sourceTree = BUILT_PRODUCTS_DIR; };
		04DADB222373749900DCD12F /* AppDelegate.swift */ = {isa = PBXFileReference; lastKnownFileType = sourcecode.swift; path = AppDelegate.swift; sourceTree = "<group>"; };
		04DADB242373749900DCD12F /* SceneDelegate.swift */ = {isa = PBXFileReference; lastKnownFileType = sourcecode.swift; path = SceneDelegate.swift; sourceTree = "<group>"; };
		04DADB262373749900DCD12F /* MainViewController.swift */ = {isa = PBXFileReference; lastKnownFileType = sourcecode.swift; path = MainViewController.swift; sourceTree = "<group>"; };
		04DADB292373749900DCD12F /* Base */ = {isa = PBXFileReference; lastKnownFileType = file.storyboard; name = Base; path = Base.lproj/Main.storyboard; sourceTree = "<group>"; };
		04DADB2B2373749A00DCD12F /* Assets.xcassets */ = {isa = PBXFileReference; lastKnownFileType = folder.assetcatalog; path = Assets.xcassets; sourceTree = "<group>"; };
		04DADB2E2373749A00DCD12F /* Base */ = {isa = PBXFileReference; lastKnownFileType = file.storyboard; name = Base; path = Base.lproj/LaunchScreen.storyboard; sourceTree = "<group>"; };
		04DADB302373749A00DCD12F /* Info.plist */ = {isa = PBXFileReference; lastKnownFileType = text.plist.xml; path = Info.plist; sourceTree = "<group>"; };
		ADBD718D2449B09800210C9D /* UIViewExtensions.swift */ = {isa = PBXFileReference; lastKnownFileType = sourcecode.swift; path = UIViewExtensions.swift; sourceTree = "<group>"; };
		ADBD718F2449B0A400210C9D /* UIWindowExtensions.swift */ = {isa = PBXFileReference; lastKnownFileType = sourcecode.swift; path = UIWindowExtensions.swift; sourceTree = "<group>"; };
/* End PBXFileReference section */

/* Begin PBXFrameworksBuildPhase section */
		04DADB1C2373749900DCD12F /* Frameworks */ = {
			isa = PBXFrameworksBuildPhase;
			buildActionMask = 2147483647;
			files = (
			);
			runOnlyForDeploymentPostprocessing = 0;
		};
/* End PBXFrameworksBuildPhase section */

/* Begin PBXGroup section */
		0419ED39237AE43B00A8A1FC /* Supporting Files */ = {
			isa = PBXGroup;
			children = (
				04DADB222373749900DCD12F /* AppDelegate.swift */,
				04DADB242373749900DCD12F /* SceneDelegate.swift */,
				04DADB2B2373749A00DCD12F /* Assets.xcassets */,
				04DADB2D2373749A00DCD12F /* LaunchScreen.storyboard */,
				04C69D062376BF51009C68EE /* Delm-Medium.otf */,
				04C69D082376BF5F009C68EE /* ThirstySoftRegular.otf */,
				04DADB302373749A00DCD12F /* Info.plist */,
			);
			path = "Supporting Files";
			sourceTree = "<group>";
		};
		0419ED3A237AE58D00A8A1FC /* View */ = {
			isa = PBXGroup;
			children = (
				04DADB282373749900DCD12F /* Main.storyboard */,
				04918F4B23A7B73A006C6CC0 /* GridView.swift */,
			);
			path = View;
			sourceTree = "<group>";
		};
		0419ED3B237AE59300A8A1FC /* Controller */ = {
			isa = PBXGroup;
			children = (
				04DADB262373749900DCD12F /* MainViewController.swift */,
			);
			path = Controller;
			sourceTree = "<group>";
		};
		04DADB162373749900DCD12F = {
			isa = PBXGroup;
			children = (
				04DADB212373749900DCD12F /* Instagrid */,
				04DADB202373749900DCD12F /* Products */,
			);
			sourceTree = "<group>";
		};
		04DADB202373749900DCD12F /* Products */ = {
			isa = PBXGroup;
			children = (
				04DADB1F2373749900DCD12F /* Instagrid.app */,
			);
			name = Products;
			sourceTree = "<group>";
		};
		04DADB212373749900DCD12F /* Instagrid */ = {
			isa = PBXGroup;
			children = (
				0419ED3A237AE58D00A8A1FC /* View */,
				0419ED3B237AE59300A8A1FC /* Controller */,
				ADBD718C2449B08000210C9D /* Extensions */,
				0419ED39237AE43B00A8A1FC /* Supporting Files */,
			);
			path = Instagrid;
			sourceTree = "<group>";
		};
		ADBD718C2449B08000210C9D /* Extensions */ = {
			isa = PBXGroup;
			children = (
				ADBD718D2449B09800210C9D /* UIViewExtensions.swift */,
				ADBD718F2449B0A400210C9D /* UIWindowExtensions.swift */,
			);
			path = Extensions;
			sourceTree = "<group>";
		};
/* End PBXGroup section */

/* Begin PBXNativeTarget section */
		04DADB1E2373749900DCD12F /* Instagrid */ = {
			isa = PBXNativeTarget;
			buildConfigurationList = 04DADB332373749A00DCD12F /* Build configuration list for PBXNativeTarget "Instagrid" */;
			buildPhases = (
				04DADB1B2373749900DCD12F /* Sources */,
				04DADB1C2373749900DCD12F /* Frameworks */,
				04DADB1D2373749900DCD12F /* Resources */,
			);
			buildRules = (
			);
			dependencies = (
			);
			name = Instagrid;
			productName = Instagrid;
			productReference = 04DADB1F2373749900DCD12F /* Instagrid.app */;
			productType = "com.apple.product-type.application";
		};
/* End PBXNativeTarget section */

/* Begin PBXProject section */
		04DADB172373749900DCD12F /* Project object */ = {
			isa = PBXProject;
			attributes = {
				LastSwiftUpdateCheck = 1110;
				LastUpgradeCheck = 1110;
				ORGANIZATIONNAME = anthonymfscott;
				TargetAttributes = {
					04DADB1E2373749900DCD12F = {
						CreatedOnToolsVersion = 11.1;
					};
				};
			};
			buildConfigurationList = 04DADB1A2373749900DCD12F /* Build configuration list for PBXProject "Instagrid" */;
			compatibilityVersion = "Xcode 9.3";
			developmentRegion = en;
			hasScannedForEncodings = 0;
			knownRegions = (
				en,
				Base,
			);
			mainGroup = 04DADB162373749900DCD12F;
			productRefGroup = 04DADB202373749900DCD12F /* Products */;
			projectDirPath = "";
			projectRoot = "";
			targets = (
				04DADB1E2373749900DCD12F /* Instagrid */,
			);
		};
/* End PBXProject section */

/* Begin PBXResourcesBuildPhase section */
		04DADB1D2373749900DCD12F /* Resources */ = {
			isa = PBXResourcesBuildPhase;
			buildActionMask = 2147483647;
			files = (
				04DADB2F2373749A00DCD12F /* LaunchScreen.storyboard in Resources */,
				AD9A581D243EFE02001A7F57 /* Delm-Medium.otf in Resources */,
				04DADB2C2373749A00DCD12F /* Assets.xcassets in Resources */,
				04C69D092376BF5F009C68EE /* ThirstySoftRegular.otf in Resources */,
				04DADB2A2373749900DCD12F /* Main.storyboard in Resources */,
			);
			runOnlyForDeploymentPostprocessing = 0;
		};
/* End PBXResourcesBuildPhase section */

/* Begin PBXSourcesBuildPhase section */
		04DADB1B2373749900DCD12F /* Sources */ = {
			isa = PBXSourcesBuildPhase;
			buildActionMask = 2147483647;
			files = (
				ADBD71902449B0A400210C9D /* UIWindowExtensions.swift in Sources */,
				04DADB272373749900DCD12F /* MainViewController.swift in Sources */,
				04DADB232373749900DCD12F /* AppDelegate.swift in Sources */,
				04DADB252373749900DCD12F /* SceneDelegate.swift in Sources */,
				ADBD718E2449B09800210C9D /* UIViewExtensions.swift in Sources */,
				04918F4C23A7B73A006C6CC0 /* GridView.swift in Sources */,
			);
			runOnlyForDeploymentPostprocessing = 0;
		};
/* End PBXSourcesBuildPhase section */

/* Begin PBXVariantGroup section */
		04DADB282373749900DCD12F /* Main.storyboard */ = {
			isa = PBXVariantGroup;
			children = (
				04DADB292373749900DCD12F /* Base */,
			);
			name = Main.storyboard;
			sourceTree = "<group>";
		};
		04DADB2D2373749A00DCD12F /* LaunchScreen.storyboard */ = {
			isa = PBXVariantGroup;
			children = (
				04DADB2E2373749A00DCD12F /* Base */,
			);
			name = LaunchScreen.storyboard;
			sourceTree = "<group>";
		};
/* End PBXVariantGroup section */

/* Begin XCBuildConfiguration section */
		04DADB312373749A00DCD12F /* Debug */ = {
			isa = XCBuildConfiguration;
			buildSettings = {
				ALWAYS_SEARCH_USER_PATHS = NO;
				CLANG_ANALYZER_NONNULL = YES;
				CLANG_ANALYZER_NUMBER_OBJECT_CONVERSION = YES_AGGRESSIVE;
				CLANG_CXX_LANGUAGE_STANDARD = "gnu++14";
				CLANG_CXX_LIBRARY = "libc++";
				CLANG_ENABLE_MODULES = YES;
				CLANG_ENABLE_OBJC_ARC = YES;
				CLANG_ENABLE_OBJC_WEAK = YES;
				CLANG_WARN_BLOCK_CAPTURE_AUTORELEASING = YES;
				CLANG_WARN_BOOL_CONVERSION = YES;
				CLANG_WARN_COMMA = YES;
				CLANG_WARN_CONSTANT_CONVERSION = YES;
				CLANG_WARN_DEPRECATED_OBJC_IMPLEMENTATIONS = YES;
				CLANG_WARN_DIRECT_OBJC_ISA_USAGE = YES_ERROR;
				CLANG_WARN_DOCUMENTATION_COMMENTS = YES;
				CLANG_WARN_EMPTY_BODY = YES;
				CLANG_WARN_ENUM_CONVERSION = YES;
				CLANG_WARN_INFINITE_RECURSION = YES;
				CLANG_WARN_INT_CONVERSION = YES;
				CLANG_WARN_NON_LITERAL_NULL_CONVERSION = YES;
				CLANG_WARN_OBJC_IMPLICIT_RETAIN_SELF = YES;
				CLANG_WARN_OBJC_LITERAL_CONVERSION = YES;
				CLANG_WARN_OBJC_ROOT_CLASS = YES_ERROR;
				CLANG_WARN_RANGE_LOOP_ANALYSIS = YES;
				CLANG_WARN_STRICT_PROTOTYPES = YES;
				CLANG_WARN_SUSPICIOUS_MOVE = YES;
				CLANG_WARN_UNGUARDED_AVAILABILITY = YES_AGGRESSIVE;
				CLANG_WARN_UNREACHABLE_CODE = YES;
				CLANG_WARN__DUPLICATE_METHOD_MATCH = YES;
				COPY_PHASE_STRIP = NO;
				DEBUG_INFORMATION_FORMAT = dwarf;
				ENABLE_STRICT_OBJC_MSGSEND = YES;
				ENABLE_TESTABILITY = YES;
				GCC_C_LANGUAGE_STANDARD = gnu11;
				GCC_DYNAMIC_NO_PIC = NO;
				GCC_NO_COMMON_BLOCKS = YES;
				GCC_OPTIMIZATION_LEVEL = 0;
				GCC_PREPROCESSOR_DEFINITIONS = (
					"DEBUG=1",
					"$(inherited)",
				);
				GCC_WARN_64_TO_32_BIT_CONVERSION = YES;
				GCC_WARN_ABOUT_RETURN_TYPE = YES_ERROR;
				GCC_WARN_UNDECLARED_SELECTOR = YES;
				GCC_WARN_UNINITIALIZED_AUTOS = YES_AGGRESSIVE;
				GCC_WARN_UNUSED_FUNCTION = YES;
				GCC_WARN_UNUSED_VARIABLE = YES;
				IPHONEOS_DEPLOYMENT_TARGET = 13.1;
				MTL_ENABLE_DEBUG_INFO = INCLUDE_SOURCE;
				MTL_FAST_MATH = YES;
				ONLY_ACTIVE_ARCH = YES;
				SDKROOT = iphoneos;
				SWIFT_ACTIVE_COMPILATION_CONDITIONS = DEBUG;
				SWIFT_OPTIMIZATION_LEVEL = "-Onone";
			};
			name = Debug;
		};
		04DADB322373749A00DCD12F /* Release */ = {
			isa = XCBuildConfiguration;
			buildSettings = {
				ALWAYS_SEARCH_USER_PATHS = NO;
				CLANG_ANALYZER_NONNULL = YES;
				CLANG_ANALYZER_NUMBER_OBJECT_CONVERSION = YES_AGGRESSIVE;
				CLANG_CXX_LANGUAGE_STANDARD = "gnu++14";
				CLANG_CXX_LIBRARY = "libc++";
				CLANG_ENABLE_MODULES = YES;
				CLANG_ENABLE_OBJC_ARC = YES;
				CLANG_ENABLE_OBJC_WEAK = YES;
				CLANG_WARN_BLOCK_CAPTURE_AUTORELEASING = YES;
				CLANG_WARN_BOOL_CONVERSION = YES;
				CLANG_WARN_COMMA = YES;
				CLANG_WARN_CONSTANT_CONVERSION = YES;
				CLANG_WARN_DEPRECATED_OBJC_IMPLEMENTATIONS = YES;
				CLANG_WARN_DIRECT_OBJC_ISA_USAGE = YES_ERROR;
				CLANG_WARN_DOCUMENTATION_COMMENTS = YES;
				CLANG_WARN_EMPTY_BODY = YES;
				CLANG_WARN_ENUM_CONVERSION = YES;
				CLANG_WARN_INFINITE_RECURSION = YES;
				CLANG_WARN_INT_CONVERSION = YES;
				CLANG_WARN_NON_LITERAL_NULL_CONVERSION = YES;
				CLANG_WARN_OBJC_IMPLICIT_RETAIN_SELF = YES;
				CLANG_WARN_OBJC_LITERAL_CONVERSION = YES;
				CLANG_WARN_OBJC_ROOT_CLASS = YES_ERROR;
				CLANG_WARN_RANGE_LOOP_ANALYSIS = YES;
				CLANG_WARN_STRICT_PROTOTYPES = YES;
				CLANG_WARN_SUSPICIOUS_MOVE = YES;
				CLANG_WARN_UNGUARDED_AVAILABILITY = YES_AGGRESSIVE;
				CLANG_WARN_UNREACHABLE_CODE = YES;
				CLANG_WARN__DUPLICATE_METHOD_MATCH = YES;
				COPY_PHASE_STRIP = NO;
				DEBUG_INFORMATION_FORMAT = "dwarf-with-dsym";
				ENABLE_NS_ASSERTIONS = NO;
				ENABLE_STRICT_OBJC_MSGSEND = YES;
				GCC_C_LANGUAGE_STANDARD = gnu11;
				GCC_NO_COMMON_BLOCKS = YES;
				GCC_WARN_64_TO_32_BIT_CONVERSION = YES;
				GCC_WARN_ABOUT_RETURN_TYPE = YES_ERROR;
				GCC_WARN_UNDECLARED_SELECTOR = YES;
				GCC_WARN_UNINITIALIZED_AUTOS = YES_AGGRESSIVE;
				GCC_WARN_UNUSED_FUNCTION = YES;
				GCC_WARN_UNUSED_VARIABLE = YES;
				IPHONEOS_DEPLOYMENT_TARGET = 13.1;
				MTL_ENABLE_DEBUG_INFO = NO;
				MTL_FAST_MATH = YES;
				SDKROOT = iphoneos;
				SWIFT_COMPILATION_MODE = wholemodule;
				SWIFT_OPTIMIZATION_LEVEL = "-O";
				VALIDATE_PRODUCT = YES;
			};
			name = Release;
		};
		04DADB342373749A00DCD12F /* Debug */ = {
			isa = XCBuildConfiguration;
			buildSettings = {
				ASSETCATALOG_COMPILER_APPICON_NAME = AppIcon;
				CODE_SIGN_STYLE = Automatic;
				DEVELOPMENT_TEAM = TXT2SKTT3Q;
				INFOPLIST_FILE = "Instagrid/Supporting Files/Info.plist";
				LD_RUNPATH_SEARCH_PATHS = (
					"$(inherited)",
					"@executable_path/Frameworks",
				);
				PRODUCT_BUNDLE_IDENTIFIER = anthonymfscott.Instagrid;
				PRODUCT_NAME = "$(TARGET_NAME)";
				SWIFT_VERSION = 5.0;
				TARGETED_DEVICE_FAMILY = 1;
			};
			name = Debug;
		};
		04DADB352373749A00DCD12F /* Release */ = {
			isa = XCBuildConfiguration;
			buildSettings = {
				ASSETCATALOG_COMPILER_APPICON_NAME = AppIcon;
				CODE_SIGN_STYLE = Automatic;
				DEVELOPMENT_TEAM = TXT2SKTT3Q;
				INFOPLIST_FILE = "Instagrid/Supporting Files/Info.plist";
				LD_RUNPATH_SEARCH_PATHS = (
					"$(inherited)",
					"@executable_path/Frameworks",
				);
				PRODUCT_BUNDLE_IDENTIFIER = anthonymfscott.Instagrid;
				PRODUCT_NAME = "$(TARGET_NAME)";
				SWIFT_VERSION = 5.0;
				TARGETED_DEVICE_FAMILY = 1;
			};
			name = Release;
		};
/* End XCBuildConfiguration section */

/* Begin XCConfigurationList section */
		04DADB1A2373749900DCD12F /* Build configuration list for PBXProject "Instagrid" */ = {
			isa = XCConfigurationList;
			buildConfigurations = (
				04DADB312373749A00DCD12F /* Debug */,
				04DADB322373749A00DCD12F /* Release */,
			);
			defaultConfigurationIsVisible = 0;
			defaultConfigurationName = Release;
		};
		04DADB332373749A00DCD12F /* Build configuration list for PBXNativeTarget "Instagrid" */ = {
			isa = XCConfigurationList;
			buildConfigurations = (
				04DADB342373749A00DCD12F /* Debug */,
				04DADB352373749A00DCD12F /* Release */,
			);
			defaultConfigurationIsVisible = 0;
			defaultConfigurationName = Release;
		};
/* End XCConfigurationList section */
	};
	rootObject = 04DADB172373749900DCD12F /* Project object */;
}
